# This file is generated by running "yarn install" inside your project.
# Manual changes might be lost - proceed with caution!

__metadata:
  version: 6
  cacheKey: 8

"@react-spring/animated@workspace:*, @react-spring/animated@workspace:packages/animated":
  version: 0.0.0-use.local
  resolution: "@react-spring/animated@workspace:packages/animated"
  dependencies:
    "@react-spring/shared": "workspace:*"
    "@react-spring/types": "workspace:*"
    "@types/react": ^18.0.14
    react: ^18.2.0
    typescript: ^4.7.4
  peerDependencies:
    "@types/react": ^16.8 || 17.x || 18.x
    react: ^16.8 || 17.x || 18.x
  peerDependenciesMeta:
    "@types/react":
      optional: true
  languageName: unknown
  linkType: soft

"@react-spring/core@workspace:*, @react-spring/core@workspace:packages/core":
  version: 0.0.0-use.local
  resolution: "@react-spring/core@workspace:packages/core"
  dependencies:
    "@react-spring/animated": "workspace:*"
    "@react-spring/rafz": "workspace:*"
    "@react-spring/shared": "workspace:*"
    "@react-spring/types": "workspace:*"
    "@types/react": ^18.0.14
    react: ^18.2.0
    typescript: ^4.7.4
  peerDependencies:
    "@types/react": ^16.8 || 17.x || 18.x
    react: ^16.8 || 17.x || 18.x
  peerDependenciesMeta:
    "@types/react":
      optional: true
  languageName: unknown
  linkType: soft

"@react-spring/parallax@workspace:packages/parallax":
  version: 0.0.0-use.local
  resolution: "@react-spring/parallax@workspace:packages/parallax"
  dependencies:
    "@react-spring/shared": "workspace:*"
    "@react-spring/web": "workspace:*"
    "@types/react": ^18.0.14
    react: ^18.2.0
    typescript: ^4.7.4
  peerDependencies:
    "@types/react": ^16.8 || 17.x || 18.x
    react: ^16.8 || 17.x || 18.x
  peerDependenciesMeta:
    "@types/react":
      optional: true
  languageName: unknown
  linkType: soft

"@react-spring/rafz@workspace:*, @react-spring/rafz@workspace:packages/rafz":
  version: 0.0.0-use.local
  resolution: "@react-spring/rafz@workspace:packages/rafz"
  dependencies:
    typescript: ^4.7.4
  languageName: unknown
  linkType: soft

"@react-spring/shared@workspace:*, @react-spring/shared@workspace:packages/shared":
  version: 0.0.0-use.local
  resolution: "@react-spring/shared@workspace:packages/shared"
  dependencies:
    "@react-spring/rafz": "workspace:*"
    "@react-spring/types": "workspace:*"
    "@types/react": ^18.0.14
    react: ^18.2.0
    typescript: ^4.7.4
  peerDependencies:
    "@types/react": ^16.8 || 17.x || 18.x
    react: ^16.8 || 17.x || 18.x
  peerDependenciesMeta:
    "@types/react":
      optional: true
  languageName: unknown
  linkType: soft

"@react-spring/types@workspace:*, @react-spring/types@workspace:packages/types":
  version: 0.0.0-use.local
  resolution: "@react-spring/types@workspace:packages/types"
  dependencies:
    "@types/react": ^18.0.14
    typescript: ^4.7.4
  peerDependencies:
    "@types/react": ^16.8 || 17.x || 18.x
  peerDependenciesMeta:
    "@types/react":
      optional: true
  languageName: unknown
  linkType: soft

"@react-spring/web@workspace:*, @react-spring/web@workspace:targets/web":
  version: 0.0.0-use.local
  resolution: "@react-spring/web@workspace:targets/web"
  dependencies:
    "@react-spring/animated": "workspace:*"
    "@react-spring/core": "workspace:*"
    "@react-spring/shared": "workspace:*"
    "@react-spring/types": "workspace:*"
    "@types/react": ^18.0.14
    "@types/react-dom": ^18.0.5
    react: ^16.8 || 17.x || 18.x
    react-dom: ^16.8 || 17.x || 18.x
    typescript: ^4.7.4
  peerDependencies:
    "@types/react": ^16.8 || 17.x || 18.x
    "@types/react-dom": ^16.8 || 17.x || 18.x
    react: ^16.8 || 17.x || 18.x
    react-dom: ^16.8 || 17.x || 18.x
  peerDependenciesMeta:
    "@types/react":
      optional: true
    "@types/react-dom":
      optional: true
  languageName: unknown
  linkType: soft

"@types/prop-types@npm:*":
  version: 15.7.3
  resolution: "@types/prop-types@npm:15.7.3"
  checksum: 41831d53c44c9eeafdaf9762bcb4553c13a3bbf990745ed9065a1cc3581b80633113b53fd49b202bf51731b258da5d0a9aa09c9035d5af7f78b0f6bc273f1325
  languageName: node
  linkType: hard

"@types/react-dom@npm:^18.0.5":
  version: 18.0.5
  resolution: "@types/react-dom@npm:18.0.5"
  dependencies:
    "@types/react": "*"
  checksum: cd48b81950f499b52a3f0c08261f00046f9b7c96699fa249c9664e257e820daf6ecac815cd1028cebc9d105094adc39d047d1efd79214394b8b2d515574c0787
  languageName: node
  linkType: hard

"@types/react@npm:*":
  version: 17.0.9
  resolution: "@types/react@npm:17.0.9"
  dependencies:
    "@types/prop-types": "*"
    "@types/scheduler": "*"
    csstype: ^3.0.2
  checksum: c626e3ca42b6173b0617102af6c1c8c6068f69fafeba51f5d614962cabaf98a5706295081941ece93da04117268cb0aad471be87e76dde7e0d5f79a46280c586
  languageName: node
  linkType: hard

"@types/react@npm:^18.0.14":
  version: 18.0.14
  resolution: "@types/react@npm:18.0.14"
  dependencies:
    "@types/prop-types": "*"
    "@types/scheduler": "*"
    csstype: ^3.0.2
  checksum: 608eb57a383eedc54c79949673e5e8314f6b0c61542bff58721c8c47a18c23e2832e77c656050c2c2c004b62cf25582136c7c56fe1b6263a285c065fae31dbcf
  languageName: node
  linkType: hard

"@types/scheduler@npm:*":
  version: 0.16.1
  resolution: "@types/scheduler@npm:0.16.1"
  checksum: 2ff8034df029a6cbb3623b05fa895cac4fc504806a8e948ebe29675a1edfa5ac04faac7611016076b3ffefc2037bbe344ad1978304059b2d4c78e513ec43c7bf
  languageName: node
  linkType: hard

"csstype@npm:^3.0.2":
  version: 3.0.8
  resolution: "csstype@npm:3.0.8"
  checksum: 5939a003858a31a32cbc52a8f45496aa0c2bcb4629b21c5bc14a7ddcac1a3d4adfd655f56843dc14940f60563378e9444af2c9c373b3f212601b9eeb6740b8db
  languageName: node
  linkType: hard

"js-tokens@npm:^3.0.0 || ^4.0.0":
  version: 4.0.0
  resolution: "js-tokens@npm:4.0.0"
  checksum: 8a95213a5a77deb6cbe94d86340e8d9ace2b93bc367790b260101d2f36a2eaf4e4e22d9fa9cf459b38af3a32fb4190e638024cf82ec95ef708680e405ea7cc78
  languageName: node
  linkType: hard

"loose-envify@npm:^1.1.0":
  version: 1.4.0
  resolution: "loose-envify@npm:1.4.0"
  dependencies:
    js-tokens: ^3.0.0 || ^4.0.0
  bin:
    loose-envify: cli.js
  checksum: 6517e24e0cad87ec9888f500c5b5947032cdfe6ef65e1c1936a0c48a524b81e65542c9c3edc91c97d5bddc806ee2a985dbc79be89215d613b1de5db6d1cfe6f4
  languageName: node
  linkType: hard

"prettier@npm:^2.5.1":
  version: 2.5.1
  resolution: "prettier@npm:2.5.1"
  bin:
    prettier: bin-prettier.js
  checksum: 21b9408476ea1c544b0e45d51ceb94a84789ff92095abb710942d780c862d0daebdb29972d47f6b4d0f7ebbfb0ffbf56cc2cfa3e3e9d1cca54864af185b15b66
  languageName: node
  linkType: hard

"react-dom@npm:^16.8 || 17.x || 18.x":
  version: 18.2.0
  resolution: "react-dom@npm:18.2.0"
  dependencies:
    loose-envify: ^1.1.0
    scheduler: ^0.23.0
  peerDependencies:
    react: ^18.2.0
  checksum: 7d323310bea3a91be2965f9468d552f201b1c27891e45ddc2d6b8f717680c95a75ae0bc1e3f5cf41472446a2589a75aed4483aee8169287909fcd59ad149e8cc
  languageName: node
  linkType: hard

"react-spring--root@workspace:.":
  version: 0.0.0-use.local
  resolution: "react-spring--root@workspace:."
  dependencies:
    prettier: ^2.5.1
    typescript: ^4.7.4
  languageName: unknown
  linkType: soft

"react@npm:^16.8 || 17.x || 18.x, react@npm:^18.2.0":
  version: 18.2.0
  resolution: "react@npm:18.2.0"
  dependencies:
    loose-envify: ^1.1.0
  checksum: 88e38092da8839b830cda6feef2e8505dec8ace60579e46aa5490fc3dc9bba0bd50336507dc166f43e3afc1c42939c09fe33b25fae889d6f402721dcd78fca1b
  languageName: node
  linkType: hard

"scheduler@npm:^0.23.0":
  version: 0.23.0
  resolution: "scheduler@npm:0.23.0"
  dependencies:
    loose-envify: ^1.1.0
  checksum: d79192eeaa12abef860c195ea45d37cbf2bbf5f66e3c4dcd16f54a7da53b17788a70d109ee3d3dde1a0fd50e6a8fc171f4300356c5aee4fc0171de526bf35f8a
  languageName: node
  linkType: hard

"typescript@npm:^4.7.4":
  version: 4.7.4
  resolution: "typescript@npm:4.7.4"
  bin:
    tsc: bin/tsc
    tsserver: bin/tsserver
  checksum: 5750181b1cd7e6482c4195825547e70f944114fb47e58e4aa7553e62f11b3f3173766aef9c281783edfd881f7b8299cf35e3ca8caebe73d8464528c907a164df
  languageName: node
  linkType: hard

"typescript@patch:typescript@^4.7.4#~builtin<compat/typescript>":
  version: 4.7.4
  resolution: "typescript@patch:typescript@npm%3A4.7.4#~builtin<compat/typescript>::version=4.7.4&hash=7ad353"
  bin:
    tsc: bin/tsc
    tsserver: bin/tsserver
  checksum: 9096d8f6c16cb80ef3bf96fcbbd055bf1c4a43bd14f3b7be45a9fbe7ada46ec977f604d5feed3263b4f2aa7d4c7477ce5f9cd87de0d6feedec69a983f3a4f93e
  languageName: node
  linkType: hard
